// !$*UTF8*$!
{
	archiveVersion = 1;
	classes = {
	};
	objectVersion = 46;
	objects = {

/* Begin PBXBuildFile section */
		609544ED1BE59EDD00C773DD /* AppDelegate.swift in Sources */ = {isa = PBXBuildFile; fileRef = 609544EC1BE59EDD00C773DD /* AppDelegate.swift */; };
		609544EF1BE59EDD00C773DD /* ViewController.swift in Sources */ = {isa = PBXBuildFile; fileRef = 609544EE1BE59EDD00C773DD /* ViewController.swift */; };
		609544F21BE59EDD00C773DD /* Main.storyboard in Resources */ = {isa = PBXBuildFile; fileRef = 609544F01BE59EDD00C773DD /* Main.storyboard */; };
		609544F41BE59EDD00C773DD /* Assets.xcassets in Resources */ = {isa = PBXBuildFile; fileRef = 609544F31BE59EDD00C773DD /* Assets.xcassets */; };
		609544F71BE59EDD00C773DD /* LaunchScreen.storyboard in Resources */ = {isa = PBXBuildFile; fileRef = 609544F51BE59EDD00C773DD /* LaunchScreen.storyboard */; };
/* End PBXBuildFile section */

/* Begin PBXFileReference section */
		609544E91BE59EDD00C773DD /* iPad Multitasking.app */ = {isa = PBXFileReference; explicitFileType = wrapper.application; includeInIndex = 0; path = "iPad Multitasking.app"; sourceTree = BUILT_PRODUCTS_DIR; };
		609544EC1BE59EDD00C773DD /* AppDelegate.swift */ = {isa = PBXFileReference; lastKnownFileType = sourcecode.swift; path = AppDelegate.swift; sourceTree = "<group>"; };
		609544EE1BE59EDD00C773DD /* ViewController.swift */ = {isa = PBXFileReference; lastKnownFileType = sourcecode.swift; path = ViewController.swift; sourceTree = "<group>"; };
		609544F11BE59EDD00C773DD /* Base */ = {isa = PBXFileReference; lastKnownFileType = file.storyboard; name = Base; path = Base.lproj/Main.storyboard; sourceTree = "<group>"; };
		609544F31BE59EDD00C773DD /* Assets.xcassets */ = {isa = PBXFileReference; lastKnownFileType = folder.assetcatalog; path = Assets.xcassets; sourceTree = "<group>"; };
		609544F61BE59EDD00C773DD /* Base */ = {isa = PBXFileReference; lastKnownFileType = file.storyboard; name = Base; path = Base.lproj/LaunchScreen.storyboard; sourceTree = "<group>"; };
		609544F81BE59EDD00C773DD /* Info.plist */ = {isa = PBXFileReference; lastKnownFileType = text.plist.xml; path = Info.plist; sourceTree = "<group>"; };
/* End PBXFileReference section */

/* Begin PBXFrameworksBuildPhase section */
		609544E61BE59EDD00C773DD /* Frameworks */ = {
			isa = PBXFrameworksBuildPhase;
			buildActionMask = 2147483647;
			files = (
			);
			runOnlyForDeploymentPostprocessing = 0;
		};
/* End PBXFrameworksBuildPhase section */

/* Begin PBXGroup section */
		609544E01BE59EDD00C773DD = {
			isa = PBXGroup;
			children = (
				609544EB1BE59EDD00C773DD /* iPad Multitasking */,
				609544EA1BE59EDD00C773DD /* Products */,
			);
			sourceTree = "<group>";
		};
		609544EA1BE59EDD00C773DD /* Products */ = {
			isa = PBXGroup;
			children = (
				609544E91BE59EDD00C773DD /* iPad Multitasking.app */,
			);
			name = Products;
			sourceTree = "<group>";
		};
		609544EB1BE59EDD00C773DD /* iPad Multitasking */ = {
			isa = PBXGroup;
			children = (
				609544EC1BE59EDD00C773DD /* AppDelegate.swift */,
				609544EE1BE59EDD00C773DD /* ViewController.swift */,
				609544F01BE59EDD00C773DD /* Main.storyboard */,
				609544F31BE59EDD00C773DD /* Assets.xcassets */,
				609544F51BE59EDD00C773DD /* LaunchScreen.storyboard */,
				609544F81BE59EDD00C773DD /* Info.plist */,
			);
			path = "iPad Multitasking";
			sourceTree = "<group>";
		};
/* End PBXGroup section */

/* Begin PBXNativeTarget section */
		609544E81BE59EDD00C773DD /* iPad Multitasking */ = {
			isa = PBXNativeTarget;
			buildConfigurationList = 609544FB1BE59EDD00C773DD /* Build configuration list for PBXNativeTarget "iPad Multitasking" */;
			buildPhases = (
				609544E51BE59EDD00C773DD /* Sources */,
				609544E61BE59EDD00C773DD /* Frameworks */,
				609544E71BE59EDD00C773DD /* Resources */,
			);
			buildRules = (
			);
			dependencies = (
			);
			name = "iPad Multitasking";
			productName = "iPad Multitasking";
			productReference = 609544E91BE59EDD00C773DD /* iPad Multitasking.app */;
			productType = "com.apple.product-type.application";
		};
/* End PBXNativeTarget section */

/* Begin PBXProject section */
		609544E11BE59EDD00C773DD /* Project object */ = {
			isa = PBXProject;
			attributes = {
				LastSwiftUpdateCheck = 0710;
				LastUpgradeCheck = 0710;
				ORGANIZATIONNAME = tutsplus;
				TargetAttributes = {
					609544E81BE59EDD00C773DD = {
						CreatedOnToolsVersion = 7.1;
					};
				};
			};
			buildConfigurationList = 609544E41BE59EDD00C773DD /* Build configuration list for PBXProject "iPad Multitasking" */;
			compatibilityVersion = "Xcode 3.2";
			developmentRegion = English;
			hasScannedForEncodings = 0;
			knownRegions = (
				en,
				Base,
			);
			mainGroup = 609544E01BE59EDD00C773DD;
			productRefGroup = 609544EA1BE59EDD00C773DD /* Products */;
			projectDirPath = "";
			projectRoot = "";
			targets = (
				609544E81BE59EDD00C773DD /* iPad Multitasking */,
			);
		};
/* End PBXProject section */

/* Begin PBXResourcesBuildPhase section */
		609544E71BE59EDD00C773DD /* Resources */ = {
			isa = PBXResourcesBuildPhase;
			buildActionMask = 2147483647;
			files = (
				609544F71BE59EDD00C773DD /* LaunchScreen.storyboard in Resources */,
				609544F41BE59EDD00C773DD /* Assets.xcassets in Resources */,
				609544F21BE59EDD00C773DD /* Main.storyboard in Resources */,
			);
			runOnlyForDeploymentPostprocessing = 0;
		};
/* End PBXResourcesBuildPhase section */

/* Begin PBXSourcesBuildPhase section */
		609544E51BE59EDD00C773DD /* Sources */ = {
			isa = PBXSourcesBuildPhase;
			buildActionMask = 2147483647;
			files = (
				609544EF1BE59EDD00C773DD /* ViewController.swift in Sources */,
				609544ED1BE59EDD00C773DD /* AppDelegate.swift in Sources */,
			);
			runOnlyForDeploymentPostprocessing = 0;
		};
/* End PBXSourcesBuildPhase section */

/* Begin PBXVariantGroup section */
		609544F01BE59EDD00C773DD /* Main.storyboard */ = {
			isa = PBXVariantGroup;
			children = (
				609544F11BE59EDD00C773DD /* Base */,
			);
			name = Main.storyboard;
			sourceTree = "<group>";
		};
		609544F51BE59EDD00C773DD /* LaunchScreen.storyboard */ = {
			isa = PBXVariantGroup;
			children = (
				609544F61BE59EDD00C773DD /* Base */,
			);
			name = LaunchScreen.storyboard;
			sourceTree = "<group>";
		};
/* End PBXVariantGroup section */

/* Begin XCBuildConfiguration section */
		609544F91BE59EDD00C773DD /* Debug */ = {
			isa = XCBuildConfiguration;
			buildSettings = {
				ALWAYS_SEARCH_USER_PATHS = NO;
				CLANG_CXX_LANGUAGE_STANDARD = "gnu++0x";
				CLANG_CXX_LIBRARY = "libc++";
				CLANG_ENABLE_MODULES = YES;
				CLANG_ENABLE_OBJC_ARC = YES;
				CLANG_WARN_BOOL_CONVERSION = YES;
				CLANG_WARN_CONSTANT_CONVERSION = YES;
				CLANG_WARN_DIRECT_OBJC_ISA_USAGE = YES_ERROR;
				CLANG_WARN_EMPTY_BODY = YES;
				CLANG_WARN_ENUM_CONVERSION = YES;
				CLANG_WARN_INT_CONVERSION = YES;
				CLANG_WARN_OBJC_ROOT_CLASS = YES_ERROR;
				CLANG_WARN_UNREACHABLE_CODE = YES;
				CLANG_WARN__DUPLICATE_METHOD_MATCH = YES;
				"CODE_SIGN_IDENTITY[sdk=iphoneos*]" = "iPhone Developer";
				COPY_PHASE_STRIP = NO;
				DEBUG_INFORMATION_FORMAT = dwarf;
				ENABLE_STRICT_OBJC_MSGSEND = YES;
				ENABLE_TESTABILITY = YES;
				GCC_C_LANGUAGE_STANDARD = gnu99;
				GCC_DYNAMIC_NO_PIC = NO;
				GCC_NO_COMMON_BLOCKS = YES;
				GCC_OPTIMIZATION_LEVEL = 0;
				GCC_PREPROCESSOR_DEFINITIONS = (
					"DEBUG=1",
					"$(inherited)",
				);
				GCC_WARN_64_TO_32_BIT_CONVERSION = YES;
				GCC_WARN_ABOUT_RETURN_TYPE = YES_ERROR;
				GCC_WARN_UNDECLARED_SELECTOR = YES;
				GCC_WARN_UNINITIALIZED_AUTOS = YES_AGGRESSIVE;
				GCC_WARN_UNUSED_FUNCTION = YES;
				GCC_WARN_UNUSED_VARIABLE = YES;
				IPHONEOS_DEPLOYMENT_TARGET = 9.1;
				MTL_ENABLE_DEBUG_INFO = YES;
				ONLY_ACTIVE_ARCH = YES;
				SDKROOT = iphoneos;
				SWIFT_OPTIMIZATION_LEVEL = "-Onone";
				TARGETED_DEVICE_FAMILY = 2;
			};
			name = Debug;
		};
		609544FA1BE59EDD00C773DD /* Release */ = {
			isa = XCBuildConfiguration;
			buildSettings = {
				ALWAYS_SEARCH_USER_PATHS = NO;
				CLANG_CXX_LANGUAGE_STANDARD = "gnu++0x";
				CLANG_CXX_LIBRARY = "libc++";
				CLANG_ENABLE_MODULES = YES;
				CLANG_ENABLE_OBJC_ARC = YES;
				CLANG_WARN_BOOL_CONVERSION = YES;
				CLANG_WARN_CONSTANT_CONVERSION = YES;
				CLANG_WARN_DIRECT_OBJC_ISA_USAGE = YES_ERROR;
				CLANG_WARN_EMPTY_BODY = YES;
				CLANG_WARN_ENUM_CONVERSION = YES;
				CLANG_WARN_INT_CONVERSION = YES;
				CLANG_WARN_OBJC_ROOT_CLASS = YES_ERROR;
				CLANG_WARN_UNREACHABLE_CODE = YES;
				CLANG_WARN__DUPLICATE_METHOD_MATCH = YES;
				"CODE_SIGN_IDENTITY[sdk=iphoneos*]" = "iPhone Developer";
				COPY_PHASE_STRIP = NO;
				DEBUG_INFORMATION_FORMAT = "dwarf-with-dsym";
				ENABLE_NS_ASSERTIONS = NO;
				ENABLE_STRICT_OBJC_MSGSEND = YES;
				GCC_C_LANGUAGE_STANDARD = gnu99;
				GCC_NO_COMMON_BLOCKS = YES;
				GCC_WARN_64_TO_32_BIT_CONVERSION = YES;
				GCC_WARN_ABOUT_RETURN_TYPE = YES_ERROR;
				GCC_WARN_UNDECLARED_SELECTOR = YES;
				GCC_WARN_UNINITIALIZED_AUTOS = YES_AGGRESSIVE;
				GCC_WARN_UNUSED_FUNCTION = YES;
				GCC_WARN_UNUSED_VARIABLE = YES;
				IPHONEOS_DEPLOYMENT_TARGET = 9.1;
				MTL_ENABLE_DEBUG_INFO = NO;
				SDKROOT = iphoneos;
				TARGETED_DEVICE_FAMILY = 2;
				VALIDATE_PRODUCT = YES;
			};
			name = Release;
		};
		609544FC1BE59EDD00C773DD /* Debug */ = {
			isa = XCBuildConfiguration;
			buildSettings = {
				ASSETCATALOG_COMPILER_APPICON_NAME = AppIcon;
				INFOPLIST_FILE = "iPad Multitasking/Info.plist";
				LD_RUNPATH_SEARCH_PATHS = "$(inherited) @executable_path/Frameworks";
				PRODUCT_BUNDLE_IDENTIFIER = "com.tutplus.iPad-Multitasking";
				PRODUCT_NAME = "$(TARGET_NAME)";
			};
			name = Debug;
		};
		609544FD1BE59EDD00C773DD /* Release */ = {
			isa = XCBuildConfiguration;
			buildSettings = {
				ASSETCATALOG_COMPILER_APPICON_NAME = AppIcon;
				INFOPLIST_FILE = "iPad Multitasking/Info.plist";
				LD_RUNPATH_SEARCH_PATHS = "$(inherited) @executable_path/Frameworks";
				PRODUCT_BUNDLE_IDENTIFIER = "com.tutplus.iPad-Multitasking";
				PRODUCT_NAME = "$(TARGET_NAME)";
			};
			name = Release;
		};
/* End XCBuildConfiguration section */

/* Begin XCConfigurationList section */
		609544E41BE59EDD00C773DD /* Build configuration list for PBXProject "iPad Multitasking" */ = {
			isa = XCConfigurationList;
			buildConfigurations = (
				609544F91BE59EDD00C773DD /* Debug */,
				609544FA1BE59EDD00C773DD /* Release */,
			);
			defaultConfigurationIsVisible = 0;
			defaultConfigurationName = Release;
		};
		609544FB1BE59EDD00C773DD /* Build configuration list for PBXNativeTarget "iPad Multitasking" */ = {
			isa = XCConfigurationList;
			buildConfigurations = (
				609544FC1BE59EDD00C773DD /* Debug */,
				609544FD1BE59EDD00C773DD /* Release */,
			);
			defaultConfigurationIsVisible = 0;
		};
/* End XCConfigurationList section */
	};
	rootObject = 609544E11BE59EDD00C773DD /* Project object */;
}
